
Microsoft Visual Studio Solution File, Format Version 12.00
# Visual Studio Version 17
VisualStudioVersion = 17.2.32505.173
MinimumVisualStudioVersion = 10.0.40219.1
Project("{FAE04EC0-301F-11D3-BF4B-00C04F79EFBC}") = "Licao1_Bryan", "Licao1_Bryan\Licao1_Bryan.csproj", "{55A7B761-38BB-4D7A-B6BA-A6179F95E0C4}"
EndProject
Project("{FAE04EC0-301F-11D3-BF4B-00C04F79EFBC}") = "AppBancoAdo", "AppBancoAdo\AppBancoAdo.csproj", "{E56E7C92-7CFB-442F-9BAB-A3C67B6ABE4A}"
EndProject
Project("{FAE04EC0-301F-11D3-BF4B-00C04F79EFBC}") = "AppBancoDominio", "AppBancoDominio\AppBancoDominio.csproj", "{4AE7A626-58B9-4CF8-AE3B-F13645FFDF90}"
EndProject
Project("{FAE04EC0-301F-11D3-BF4B-00C04F79EFBC}") = "AppBancoDll", "AppBancoDll\AppBancoDll.csproj", "{2095E2C5-08E5-45C9-9C1F-3FF40B7A6F2A}"
EndProject
Project("{FAE04EC0-301F-11D3-BF4B-00C04F79EFBC}") = "WebMVC", "WebMVC\WebMVC.csproj", "{6017BF29-831E-4EB5-AA2E-4E4270EEBA8D}"
EndProject
Global
	GlobalSection(SolutionConfigurationPlatforms) = preSolution
		Debug|Any CPU = Debug|Any CPU
		Release|Any CPU = Release|Any CPU
	EndGlobalSection
	GlobalSection(ProjectConfigurationPlatforms) = postSolution
		{55A7B761-38BB-4D7A-B6BA-A6179F95E0C4}.Debug|Any CPU.ActiveCfg = Debug|Any CPU
		{55A7B761-38BB-4D7A-B6BA-A6179F95E0C4}.Debug|Any CPU.Build.0 = Debug|Any CPU
		{55A7B761-38BB-4D7A-B6BA-A6179F95E0C4}.Release|Any CPU.ActiveCfg = Release|Any CPU
		{55A7B761-38BB-4D7A-B6BA-A6179F95E0C4}.Release|Any CPU.Build.0 = Release|Any CPU
		{E56E7C92-7CFB-442F-9BAB-A3C67B6ABE4A}.Debug|Any CPU.ActiveCfg = Debug|Any CPU
		{E56E7C92-7CFB-442F-9BAB-A3C67B6ABE4A}.Debug|Any CPU.Build.0 = Debug|Any CPU
		{E56E7C92-7CFB-442F-9BAB-A3C67B6ABE4A}.Release|Any CPU.ActiveCfg = Release|Any CPU
		{E56E7C92-7CFB-442F-9BAB-A3C67B6ABE4A}.Release|Any CPU.Build.0 = Release|Any CPU
		{4AE7A626-58B9-4CF8-AE3B-F13645FFDF90}.Debug|Any CPU.ActiveCfg = Debug|Any CPU
		{4AE7A626-58B9-4CF8-AE3B-F13645FFDF90}.Debug|Any CPU.Build.0 = Debug|Any CPU
		{4AE7A626-58B9-4CF8-AE3B-F13645FFDF90}.Release|Any CPU.ActiveCfg = Release|Any CPU
		{4AE7A626-58B9-4CF8-AE3B-F13645FFDF90}.Release|Any CPU.Build.0 = Release|Any CPU
		{2095E2C5-08E5-45C9-9C1F-3FF40B7A6F2A}.Debug|Any CPU.ActiveCfg = Debug|Any CPU
		{2095E2C5-08E5-45C9-9C1F-3FF40B7A6F2A}.Debug|Any CPU.Build.0 = Debug|Any CPU
		{2095E2C5-08E5-45C9-9C1F-3FF40B7A6F2A}.Release|Any CPU.ActiveCfg = Release|Any CPU
		{2095E2C5-08E5-45C9-9C1F-3FF40B7A6F2A}.Release|Any CPU.Build.0 = Release|Any CPU
		{6017BF29-831E-4EB5-AA2E-4E4270EEBA8D}.Debug|Any CPU.ActiveCfg = Debug|Any CPU
		{6017BF29-831E-4EB5-AA2E-4E4270EEBA8D}.Debug|Any CPU.Build.0 = Debug|Any CPU
		{6017BF29-831E-4EB5-AA2E-4E4270EEBA8D}.Release|Any CPU.ActiveCfg = Release|Any CPU
		{6017BF29-831E-4EB5-AA2E-4E4270EEBA8D}.Release|Any CPU.Build.0 = Release|Any CPU
	EndGlobalSection
	GlobalSection(SolutionProperties) = preSolution
		HideSolutionNode = FALSE
	EndGlobalSection
	GlobalSection(ExtensibilityGlobals) = postSolution
		SolutionGuid = {5B0C093D-3F3B-4401-BE13-9D7026A8A21D}
	EndGlobalSection
EndGlobal
